
Microsoft Visual Studio Solution File, Format Version 12.00
# Visual Studio Version 17
VisualStudioVersion = 17.1.32210.238
MinimumVisualStudioVersion = 10.0.40219.1
Project("{FAE04EC0-301F-11D3-BF4B-00C04F79EFBC}") = "Main Task-1", "Main Task-1\Main Task-1.csproj", "{FA374AB2-B747-4145-8514-2277C7069EE3}"
EndProject
Global
	GlobalSection(SolutionConfigurationPlatforms) = preSolution
		Debug|Any CPU = Debug|Any CPU
		Release|Any CPU = Release|Any CPU
	EndGlobalSection
	GlobalSection(ProjectConfigurationPlatforms) = postSolution
		{FA374AB2-B747-4145-8514-2277C7069EE3}.Debug|Any CPU.ActiveCfg = Debug|Any CPU
		{FA374AB2-B747-4145-8514-2277C7069EE3}.Debug|Any CPU.Build.0 = Debug|Any CPU
		{FA374AB2-B747-4145-8514-2277C7069EE3}.Release|Any CPU.ActiveCfg = Release|Any CPU
		{FA374AB2-B747-4145-8514-2277C7069EE3}.Release|Any CPU.Build.0 = Release|Any CPU
	EndGlobalSection
	GlobalSection(SolutionProperties) = preSolution
		HideSolutionNode = FALSE
	EndGlobalSection
	GlobalSection(ExtensibilityGlobals) = postSolution
		SolutionGuid = {90EAE844-19BF-460B-B41A-3340DB742A47}
	EndGlobalSection
EndGlobal
