
Microsoft Visual Studio Solution File, Format Version 12.00
# Visual Studio Version 17
VisualStudioVersion = 17.1.32210.238
MinimumVisualStudioVersion = 10.0.40219.1
Project("{FAE04EC0-301F-11D3-BF4B-00C04F79EFBC}") = "Main Task-2", "Main Task-2\Main Task-2.csproj", "{958522EA-BF14-4A17-8EA0-C7D3E395B21B}"
EndProject
Global
	GlobalSection(SolutionConfigurationPlatforms) = preSolution
		Debug|Any CPU = Debug|Any CPU
		Release|Any CPU = Release|Any CPU
	EndGlobalSection
	GlobalSection(ProjectConfigurationPlatforms) = postSolution
		{958522EA-BF14-4A17-8EA0-C7D3E395B21B}.Debug|Any CPU.ActiveCfg = Debug|Any CPU
		{958522EA-BF14-4A17-8EA0-C7D3E395B21B}.Debug|Any CPU.Build.0 = Debug|Any CPU
		{958522EA-BF14-4A17-8EA0-C7D3E395B21B}.Release|Any CPU.ActiveCfg = Release|Any CPU
		{958522EA-BF14-4A17-8EA0-C7D3E395B21B}.Release|Any CPU.Build.0 = Release|Any CPU
	EndGlobalSection
	GlobalSection(SolutionProperties) = preSolution
		HideSolutionNode = FALSE
	EndGlobalSection
	GlobalSection(ExtensibilityGlobals) = postSolution
		SolutionGuid = {9837B97B-D652-4415-942D-01D03B2FD5E8}
	EndGlobalSection
EndGlobal
